
Microsoft Visual Studio Solution File, Format Version 12.00
# Visual Studio Version 17
VisualStudioVersion = 17.5.33627.172
MinimumVisualStudioVersion = 10.0.40219.1
Project("{FAE04EC0-301F-11D3-BF4B-00C04F79EFBC}") = "battery_csv_bytes_conversion", "battery_csv_bytes_conversion\battery_csv_bytes_conversion.csproj", "{782EACFB-04FF-4F1B-8203-599DD6A346FE}"
EndProject
Global
	GlobalSection(SolutionConfigurationPlatforms) = preSolution
		Debug|Any CPU = Debug|Any CPU
		Release|Any CPU = Release|Any CPU
	EndGlobalSection
	GlobalSection(ProjectConfigurationPlatforms) = postSolution
		{782EACFB-04FF-4F1B-8203-599DD6A346FE}.Debug|Any CPU.ActiveCfg = Debug|Any CPU
		{782EACFB-04FF-4F1B-8203-599DD6A346FE}.Debug|Any CPU.Build.0 = Debug|Any CPU
		{782EACFB-04FF-4F1B-8203-599DD6A346FE}.Release|Any CPU.ActiveCfg = Release|Any CPU
		{782EACFB-04FF-4F1B-8203-599DD6A346FE}.Release|Any CPU.Build.0 = Release|Any CPU
	EndGlobalSection
	GlobalSection(SolutionProperties) = preSolution
		HideSolutionNode = FALSE
	EndGlobalSection
	GlobalSection(ExtensibilityGlobals) = postSolution
		SolutionGuid = {BC2C672F-EBDD-43C2-A42D-76FA4B20A73A}
	EndGlobalSection
EndGlobal
